
Microsoft Visual Studio Solution File, Format Version 12.00
# Visual Studio 15
VisualStudioVersion = 15.0.28307.421
MinimumVisualStudioVersion = 10.0.40219.1
Project("{FAE04EC0-301F-11D3-BF4B-00C04F79EFBC}") = "Odev", "Odev\Odev.csproj", "{567843D1-9DCE-4361-8329-27DA4983ADC9}"
EndProject
Global
	GlobalSection(SolutionConfigurationPlatforms) = preSolution
		Debug|Any CPU = Debug|Any CPU
		Release|Any CPU = Release|Any CPU
	EndGlobalSection
	GlobalSection(ProjectConfigurationPlatforms) = postSolution
		{567843D1-9DCE-4361-8329-27DA4983ADC9}.Debug|Any CPU.ActiveCfg = Debug|Any CPU
		{567843D1-9DCE-4361-8329-27DA4983ADC9}.Debug|Any CPU.Build.0 = Debug|Any CPU
		{567843D1-9DCE-4361-8329-27DA4983ADC9}.Release|Any CPU.ActiveCfg = Release|Any CPU
		{567843D1-9DCE-4361-8329-27DA4983ADC9}.Release|Any CPU.Build.0 = Release|Any CPU
	EndGlobalSection
	GlobalSection(SolutionProperties) = preSolution
		HideSolutionNode = FALSE
	EndGlobalSection
	GlobalSection(ExtensibilityGlobals) = postSolution
		SolutionGuid = {3512506F-58D1-48B0-A3B4-AB4051C3B78D}
	EndGlobalSection
EndGlobal
